
Microsoft Visual Studio Solution File, Format Version 12.00
# Visual Studio Version 17
VisualStudioVersion = 17.14.36414.22 d17.14
MinimumVisualStudioVersion = 10.0.40219.1
Project("{FAE04EC0-301F-11D3-BF4B-00C04F79EFBC}") = "ProjetoTela", "ProjetoTela\ProjetoTela.csproj", "{A91AF016-2F58-44D9-B04F-C47DA4740F14}"
EndProject
Global
	GlobalSection(SolutionConfigurationPlatforms) = preSolution
		Debug|Any CPU = Debug|Any CPU
		Release|Any CPU = Release|Any CPU
	EndGlobalSection
	GlobalSection(ProjectConfigurationPlatforms) = postSolution
		{A91AF016-2F58-44D9-B04F-C47DA4740F14}.Debug|Any CPU.ActiveCfg = Debug|Any CPU
		{A91AF016-2F58-44D9-B04F-C47DA4740F14}.Debug|Any CPU.Build.0 = Debug|Any CPU
		{A91AF016-2F58-44D9-B04F-C47DA4740F14}.Release|Any CPU.ActiveCfg = Release|Any CPU
		{A91AF016-2F58-44D9-B04F-C47DA4740F14}.Release|Any CPU.Build.0 = Release|Any CPU
	EndGlobalSection
	GlobalSection(SolutionProperties) = preSolution
		HideSolutionNode = FALSE
	EndGlobalSection
	GlobalSection(ExtensibilityGlobals) = postSolution
		SolutionGuid = {7546EC1B-B90E-46CE-94AB-50C8A16EFE15}
	EndGlobalSection
EndGlobal
